
Microsoft Visual Studio Solution File, Format Version 12.00
# Visual Studio Version 17
VisualStudioVersion = 17.14.36811.4 d17.14
MinimumVisualStudioVersion = 10.0.40219.1
Project("{FAE04EC0-301F-11D3-BF4B-00C04F79EFBC}") = "PR5 aksenov", "PR5 aksenov\PR5 aksenov.csproj", "{318AA84F-1D6A-496C-9222-D6F590D709D6}"
EndProject
Global
	GlobalSection(SolutionConfigurationPlatforms) = preSolution
		Debug|Any CPU = Debug|Any CPU
		Release|Any CPU = Release|Any CPU
	EndGlobalSection
	GlobalSection(ProjectConfigurationPlatforms) = postSolution
		{318AA84F-1D6A-496C-9222-D6F590D709D6}.Debug|Any CPU.ActiveCfg = Debug|Any CPU
		{318AA84F-1D6A-496C-9222-D6F590D709D6}.Debug|Any CPU.Build.0 = Debug|Any CPU
		{318AA84F-1D6A-496C-9222-D6F590D709D6}.Release|Any CPU.ActiveCfg = Release|Any CPU
		{318AA84F-1D6A-496C-9222-D6F590D709D6}.Release|Any CPU.Build.0 = Release|Any CPU
	EndGlobalSection
	GlobalSection(SolutionProperties) = preSolution
		HideSolutionNode = FALSE
	EndGlobalSection
	GlobalSection(ExtensibilityGlobals) = postSolution
		SolutionGuid = {305F70A8-634D-47AC-A42F-F3E989D19CE4}
	EndGlobalSection
EndGlobal
